# This file is automatically @generated by Poetry 1.5.1 and should not be changed by hand.

[[package]]
name = "yacedar"
version = "0.1.2"
description = ""
optional = false
python-versions = ">=3.7"
files = []
develop = false

[package.source]
type = "directory"
url = "../.."

[metadata]
lock-version = "2.0"
python-versions = "^3.12"
content-hash = "8c04be0d05d53d5bcabc636f692a82e933ec088300830966c208b4deec038051"
